
Microsoft Visual Studio Solution File, Format Version 12.00
# Visual Studio Version 17
VisualStudioVersion = 17.8.34330.188
MinimumVisualStudioVersion = 10.0.40219.1
Project("{FAE04EC0-301F-11D3-BF4B-00C04F79EFBC}") = "GA_Inheritance_Access", "GA_Inheritance_Access.csproj", "{D1B0790E-FD8A-473E-8EB8-CA4B4268C690}"
EndProject
Global
	GlobalSection(SolutionConfigurationPlatforms) = preSolution
		Debug|Any CPU = Debug|Any CPU
		Release|Any CPU = Release|Any CPU
	EndGlobalSection
	GlobalSection(ProjectConfigurationPlatforms) = postSolution
		{D1B0790E-FD8A-473E-8EB8-CA4B4268C690}.Debug|Any CPU.ActiveCfg = Debug|Any CPU
		{D1B0790E-FD8A-473E-8EB8-CA4B4268C690}.Debug|Any CPU.Build.0 = Debug|Any CPU
		{D1B0790E-FD8A-473E-8EB8-CA4B4268C690}.Release|Any CPU.ActiveCfg = Release|Any CPU
		{D1B0790E-FD8A-473E-8EB8-CA4B4268C690}.Release|Any CPU.Build.0 = Release|Any CPU
	EndGlobalSection
	GlobalSection(SolutionProperties) = preSolution
		HideSolutionNode = FALSE
	EndGlobalSection
	GlobalSection(ExtensibilityGlobals) = postSolution
		SolutionGuid = {42987C59-8A58-4883-ACB8-5FFC9C86AE2B}
	EndGlobalSection
EndGlobal
